
Microsoft Visual Studio Solution File, Format Version 12.00
# Visual Studio 14
VisualStudioVersion = 14.0.25123.0
MinimumVisualStudioVersion = 10.0.40219.1
Project("{FAE04EC0-301F-11D3-BF4B-00C04F79EFBC}") = "TestXFApp.Droid", "TestXFApp\TestXFApp.Droid\TestXFApp.Droid.csproj", "{FAD0382E-C81F-41BC-BE94-81C53461EB19}"
EndProject
Project("{FAE04EC0-301F-11D3-BF4B-00C04F79EFBC}") = "TestXFApp.iOS", "TestXFApp\TestXFApp.iOS\TestXFApp.iOS.csproj", "{55E7ADF6-068B-4A9F-A904-C74C24C7444A}"
EndProject
Project("{FAE04EC0-301F-11D3-BF4B-00C04F79EFBC}") = "TestXFApp.WinPhone", "TestXFApp\TestXFApp.WinPhone\TestXFApp.WinPhone.csproj", "{635DFADA-E3E3-4926-BDAA-95D76ED98627}"
EndProject
Project("{FAE04EC0-301F-11D3-BF4B-00C04F79EFBC}") = "TestXFApp.UWP", "TestXFApp\TestXFApp.UWP\TestXFApp.UWP.csproj", "{3C55C325-1EDE-41D7-A4A0-8128082F0508}"
EndProject
Project("{FAE04EC0-301F-11D3-BF4B-00C04F79EFBC}") = "TestXFApp.Windows", "TestXFApp\TestXFApp.Windows\TestXFApp.Windows.csproj", "{9F608369-0DBD-4E45-8AE8-2DF21579A257}"
EndProject
Project("{FAE04EC0-301F-11D3-BF4B-00C04F79EFBC}") = "TestXFApp", "TestXFApp\TestXFApp\TestXFApp.csproj", "{124CC63D-6A0A-4B98-96A1-8171B474EA2E}"
EndProject
Global
	GlobalSection(SolutionConfigurationPlatforms) = preSolution
		Ad-Hoc|Any CPU = Ad-Hoc|Any CPU
		Ad-Hoc|ARM = Ad-Hoc|ARM
		Ad-Hoc|iPhone = Ad-Hoc|iPhone
		Ad-Hoc|iPhoneSimulator = Ad-Hoc|iPhoneSimulator
		Ad-Hoc|x64 = Ad-Hoc|x64
		Ad-Hoc|x86 = Ad-Hoc|x86
		AppStore|Any CPU = AppStore|Any CPU
		AppStore|ARM = AppStore|ARM
		AppStore|iPhone = AppStore|iPhone
		AppStore|iPhoneSimulator = AppStore|iPhoneSimulator
		AppStore|x64 = AppStore|x64
		AppStore|x86 = AppStore|x86
		Debug|Any CPU = Debug|Any CPU
		Debug|ARM = Debug|ARM
		Debug|iPhone = Debug|iPhone
		Debug|iPhoneSimulator = Debug|iPhoneSimulator
		Debug|x64 = Debug|x64
		Debug|x86 = Debug|x86
		Release|Any CPU = Release|Any CPU
		Release|ARM = Release|ARM
		Release|iPhone = Release|iPhone
		Release|iPhoneSimulator = Release|iPhoneSimulator
		Release|x64 = Release|x64
		Release|x86 = Release|x86
	EndGlobalSection
	GlobalSection(ProjectConfigurationPlatforms) = postSolution
		{FAD0382E-C81F-41BC-BE94-81C53461EB19}.Ad-Hoc|Any CPU.ActiveCfg = Release|Any CPU
		{FAD0382E-C81F-41BC-BE94-81C53461EB19}.Ad-Hoc|Any CPU.Build.0 = Release|Any CPU
		{FAD0382E-C81F-41BC-BE94-81C53461EB19}.Ad-Hoc|Any CPU.Deploy.0 = Release|Any CPU
		{FAD0382E-C81F-41BC-BE94-81C53461EB19}.Ad-Hoc|ARM.ActiveCfg = Release|Any CPU
		{FAD0382E-C81F-41BC-BE94-81C53461EB19}.Ad-Hoc|ARM.Build.0 = Release|Any CPU
		{FAD0382E-C81F-41BC-BE94-81C53461EB19}.Ad-Hoc|ARM.Deploy.0 = Release|Any CPU
		{FAD0382E-C81F-41BC-BE94-81C53461EB19}.Ad-Hoc|iPhone.ActiveCfg = Release|Any CPU
		{FAD0382E-C81F-41BC-BE94-81C53461EB19}.Ad-Hoc|iPhone.Build.0 = Release|Any CPU
		{FAD0382E-C81F-41BC-BE94-81C53461EB19}.Ad-Hoc|iPhone.Deploy.0 = Release|Any CPU
		{FAD0382E-C81F-41BC-BE94-81C53461EB19}.Ad-Hoc|iPhoneSimulator.ActiveCfg = Release|Any CPU
		{FAD0382E-C81F-41BC-BE94-81C53461EB19}.Ad-Hoc|iPhoneSimulator.Build.0 = Release|Any CPU
		{FAD0382E-C81F-41BC-BE94-81C53461EB19}.Ad-Hoc|iPhoneSimulator.Deploy.0 = Release|Any CPU
		{FAD0382E-C81F-41BC-BE94-81C53461EB19}.Ad-Hoc|x64.ActiveCfg = Release|Any CPU
		{FAD0382E-C81F-41BC-BE94-81C53461EB19}.Ad-Hoc|x64.Build.0 = Release|Any CPU
		{FAD0382E-C81F-41BC-BE94-81C53461EB19}.Ad-Hoc|x64.Deploy.0 = Release|Any CPU
		{FAD0382E-C81F-41BC-BE94-81C53461EB19}.Ad-Hoc|x86.ActiveCfg = Release|Any CPU
		{FAD0382E-C81F-41BC-BE94-81C53461EB19}.Ad-Hoc|x86.Build.0 = Release|Any CPU
		{FAD0382E-C81F-41BC-BE94-81C53461EB19}.Ad-Hoc|x86.Deploy.0 = Release|Any CPU
		{FAD0382E-C81F-41BC-BE94-81C53461EB19}.AppStore|Any CPU.ActiveCfg = Release|Any CPU
		{FAD0382E-C81F-41BC-BE94-81C53461EB19}.AppStore|Any CPU.Build.0 = Release|Any CPU
		{FAD0382E-C81F-41BC-BE94-81C53461EB19}.AppStore|Any CPU.Deploy.0 = Release|Any CPU
		{FAD0382E-C81F-41BC-BE94-81C53461EB19}.AppStore|ARM.ActiveCfg = Release|Any CPU
		{FAD0382E-C81F-41BC-BE94-81C53461EB19}.AppStore|ARM.Build.0 = Release|Any CPU
		{FAD0382E-C81F-41BC-BE94-81C53461EB19}.AppStore|ARM.Deploy.0 = Release|Any CPU
		{FAD0382E-C81F-41BC-BE94-81C53461EB19}.AppStore|iPhone.ActiveCfg = Release|Any CPU
		{FAD0382E-C81F-41BC-BE94-81C53461EB19}.AppStore|iPhone.Build.0 = Release|Any CPU
		{FAD0382E-C81F-41BC-BE94-81C53461EB19}.AppStore|iPhone.Deploy.0 = Release|Any CPU
		{FAD0382E-C81F-41BC-BE94-81C53461EB19}.AppStore|iPhoneSimulator.ActiveCfg = Release|Any CPU
		{FAD0382E-C81F-41BC-BE94-81C53461EB19}.AppStore|iPhoneSimulator.Build.0 = Release|Any CPU
		{FAD0382E-C81F-41BC-BE94-81C53461EB19}.AppStore|iPhoneSimulator.Deploy.0 = Release|Any CPU
		{FAD0382E-C81F-41BC-BE94-81C53461EB19}.AppStore|x64.ActiveCfg = Release|Any CPU
		{FAD0382E-C81F-41BC-BE94-81C53461EB19}.AppStore|x64.Build.0 = Release|Any CPU
		{FAD0382E-C81F-41BC-BE94-81C53461EB19}.AppStore|x64.Deploy.0 = Release|Any CPU
		{FAD0382E-C81F-41BC-BE94-81C53461EB19}.AppStore|x86.ActiveCfg = Release|Any CPU
		{FAD0382E-C81F-41BC-BE94-81C53461EB19}.AppStore|x86.Build.0 = Release|Any CPU
		{FAD0382E-C81F-41BC-BE94-81C53461EB19}.AppStore|x86.Deploy.0 = Release|Any CPU
		{FAD0382E-C81F-41BC-BE94-81C53461EB19}.Debug|Any CPU.ActiveCfg = Debug|Any CPU
		{FAD0382E-C81F-41BC-BE94-81C53461EB19}.Debug|Any CPU.Build.0 = Debug|Any CPU
		{FAD0382E-C81F-41BC-BE94-81C53461EB19}.Debug|Any CPU.Deploy.0 = Debug|Any CPU
		{FAD0382E-C81F-41BC-BE94-81C53461EB19}.Debug|ARM.ActiveCfg = Debug|Any CPU
		{FAD0382E-C81F-41BC-BE94-81C53461EB19}.Debug|ARM.Build.0 = Debug|Any CPU
		{FAD0382E-C81F-41BC-BE94-81C53461EB19}.Debug|ARM.Deploy.0 = Debug|Any CPU
		{FAD0382E-C81F-41BC-BE94-81C53461EB19}.Debug|iPhone.ActiveCfg = Debug|Any CPU
		{FAD0382E-C81F-41BC-BE94-81C53461EB19}.Debug|iPhone.Build.0 = Debug|Any CPU
		{FAD0382E-C81F-41BC-BE94-81C53461EB19}.Debug|iPhone.Deploy.0 = Debug|Any CPU
		{FAD0382E-C81F-41BC-BE94-81C53461EB19}.Debug|iPhoneSimulator.ActiveCfg = Debug|Any CPU
		{FAD0382E-C81F-41BC-BE94-81C53461EB19}.Debug|iPhoneSimulator.Build.0 = Debug|Any CPU
		{FAD0382E-C81F-41BC-BE94-81C53461EB19}.Debug|iPhoneSimulator.Deploy.0 = Debug|Any CPU
		{FAD0382E-C81F-41BC-BE94-81C53461EB19}.Debug|x64.ActiveCfg = Debug|Any CPU
		{FAD0382E-C81F-41BC-BE94-81C53461EB19}.Debug|x64.Build.0 = Debug|Any CPU
		{FAD0382E-C81F-41BC-BE94-81C53461EB19}.Debug|x64.Deploy.0 = Debug|Any CPU
		{FAD0382E-C81F-41BC-BE94-81C53461EB19}.Debug|x86.ActiveCfg = Debug|Any CPU
		{FAD0382E-C81F-41BC-BE94-81C53461EB19}.Debug|x86.Build.0 = Debug|Any CPU
		{FAD0382E-C81F-41BC-BE94-81C53461EB19}.Debug|x86.Deploy.0 = Debug|Any CPU
		{FAD0382E-C81F-41BC-BE94-81C53461EB19}.Release|Any CPU.ActiveCfg = Release|Any CPU
		{FAD0382E-C81F-41BC-BE94-81C53461EB19}.Release|Any CPU.Build.0 = Release|Any CPU
		{FAD0382E-C81F-41BC-BE94-81C53461EB19}.Release|Any CPU.Deploy.0 = Release|Any CPU
		{FAD0382E-C81F-41BC-BE94-81C53461EB19}.Release|ARM.ActiveCfg = Release|Any CPU
		{FAD0382E-C81F-41BC-BE94-81C53461EB19}.Release|ARM.Build.0 = Release|Any CPU
		{FAD0382E-C81F-41BC-BE94-81C53461EB19}.Release|ARM.Deploy.0 = Release|Any CPU
		{FAD0382E-C81F-41BC-BE94-81C53461EB19}.Release|iPhone.ActiveCfg = Release|Any CPU
		{FAD0382E-C81F-41BC-BE94-81C53461EB19}.Release|iPhone.Build.0 = Release|Any CPU
		{FAD0382E-C81F-41BC-BE94-81C53461EB19}.Release|iPhone.Deploy.0 = Release|Any CPU
		{FAD0382E-C81F-41BC-BE94-81C53461EB19}.Release|iPhoneSimulator.ActiveCfg = Release|Any CPU
		{FAD0382E-C81F-41BC-BE94-81C53461EB19}.Release|iPhoneSimulator.Build.0 = Release|Any CPU
		{FAD0382E-C81F-41BC-BE94-81C53461EB19}.Release|iPhoneSimulator.Deploy.0 = Release|Any CPU
		{FAD0382E-C81F-41BC-BE94-81C53461EB19}.Release|x64.ActiveCfg = Release|Any CPU
		{FAD0382E-C81F-41BC-BE94-81C53461EB19}.Release|x64.Build.0 = Release|Any CPU
		{FAD0382E-C81F-41BC-BE94-81C53461EB19}.Release|x64.Deploy.0 = Release|Any CPU
		{FAD0382E-C81F-41BC-BE94-81C53461EB19}.Release|x86.ActiveCfg = Release|Any CPU
		{FAD0382E-C81F-41BC-BE94-81C53461EB19}.Release|x86.Build.0 = Release|Any CPU
		{FAD0382E-C81F-41BC-BE94-81C53461EB19}.Release|x86.Deploy.0 = Release|Any CPU
		{55E7ADF6-068B-4A9F-A904-C74C24C7444A}.Ad-Hoc|Any CPU.ActiveCfg = Ad-Hoc|iPhone
		{55E7ADF6-068B-4A9F-A904-C74C24C7444A}.Ad-Hoc|ARM.ActiveCfg = Ad-Hoc|iPhone
		{55E7ADF6-068B-4A9F-A904-C74C24C7444A}.Ad-Hoc|iPhone.ActiveCfg = Ad-Hoc|iPhone
		{55E7ADF6-068B-4A9F-A904-C74C24C7444A}.Ad-Hoc|iPhone.Build.0 = Ad-Hoc|iPhone
		{55E7ADF6-068B-4A9F-A904-C74C24C7444A}.Ad-Hoc|iPhoneSimulator.ActiveCfg = Ad-Hoc|iPhoneSimulator
		{55E7ADF6-068B-4A9F-A904-C74C24C7444A}.Ad-Hoc|iPhoneSimulator.Build.0 = Ad-Hoc|iPhoneSimulator
		{55E7ADF6-068B-4A9F-A904-C74C24C7444A}.Ad-Hoc|x64.ActiveCfg = Ad-Hoc|iPhone
		{55E7ADF6-068B-4A9F-A904-C74C24C7444A}.Ad-Hoc|x86.ActiveCfg = Ad-Hoc|iPhone
		{55E7ADF6-068B-4A9F-A904-C74C24C7444A}.AppStore|Any CPU.ActiveCfg = AppStore|iPhone
		{55E7ADF6-068B-4A9F-A904-C74C24C7444A}.AppStore|ARM.ActiveCfg = AppStore|iPhone
		{55E7ADF6-068B-4A9F-A904-C74C24C7444A}.AppStore|iPhone.ActiveCfg = AppStore|iPhone
		{55E7ADF6-068B-4A9F-A904-C74C24C7444A}.AppStore|iPhone.Build.0 = AppStore|iPhone
		{55E7ADF6-068B-4A9F-A904-C74C24C7444A}.AppStore|iPhoneSimulator.ActiveCfg = AppStore|iPhoneSimulator
		{55E7ADF6-068B-4A9F-A904-C74C24C7444A}.AppStore|iPhoneSimulator.Build.0 = AppStore|iPhoneSimulator
		{55E7ADF6-068B-4A9F-A904-C74C24C7444A}.AppStore|x64.ActiveCfg = AppStore|iPhone
		{55E7ADF6-068B-4A9F-A904-C74C24C7444A}.AppStore|x86.ActiveCfg = AppStore|iPhone
		{55E7ADF6-068B-4A9F-A904-C74C24C7444A}.Debug|Any CPU.ActiveCfg = Debug|iPhone
		{55E7ADF6-068B-4A9F-A904-C74C24C7444A}.Debug|ARM.ActiveCfg = Debug|iPhone
		{55E7ADF6-068B-4A9F-A904-C74C24C7444A}.Debug|iPhone.ActiveCfg = Debug|iPhone
		{55E7ADF6-068B-4A9F-A904-C74C24C7444A}.Debug|iPhone.Build.0 = Debug|iPhone
		{55E7ADF6-068B-4A9F-A904-C74C24C7444A}.Debug|iPhoneSimulator.ActiveCfg = Debug|iPhoneSimulator
		{55E7ADF6-068B-4A9F-A904-C74C24C7444A}.Debug|iPhoneSimulator.Build.0 = Debug|iPhoneSimulator
		{55E7ADF6-068B-4A9F-A904-C74C24C7444A}.Debug|x64.ActiveCfg = Debug|iPhone
		{55E7ADF6-068B-4A9F-A904-C74C24C7444A}.Debug|x86.ActiveCfg = Debug|iPhone
		{55E7ADF6-068B-4A9F-A904-C74C24C7444A}.Release|Any CPU.ActiveCfg = Release|iPhone
		{55E7ADF6-068B-4A9F-A904-C74C24C7444A}.Release|ARM.ActiveCfg = Release|iPhone
		{55E7ADF6-068B-4A9F-A904-C74C24C7444A}.Release|iPhone.ActiveCfg = Release|iPhone
		{55E7ADF6-068B-4A9F-A904-C74C24C7444A}.Release|iPhone.Build.0 = Release|iPhone
		{55E7ADF6-068B-4A9F-A904-C74C24C7444A}.Release|iPhoneSimulator.ActiveCfg = Release|iPhoneSimulator
		{55E7ADF6-068B-4A9F-A904-C74C24C7444A}.Release|iPhoneSimulator.Build.0 = Release|iPhoneSimulator
		{55E7ADF6-068B-4A9F-A904-C74C24C7444A}.Release|x64.ActiveCfg = Release|iPhone
		{55E7ADF6-068B-4A9F-A904-C74C24C7444A}.Release|x86.ActiveCfg = Release|iPhone
		{635DFADA-E3E3-4926-BDAA-95D76ED98627}.Ad-Hoc|Any CPU.ActiveCfg = Release|Any CPU
		{635DFADA-E3E3-4926-BDAA-95D76ED98627}.Ad-Hoc|Any CPU.Build.0 = Release|Any CPU
		{635DFADA-E3E3-4926-BDAA-95D76ED98627}.Ad-Hoc|Any CPU.Deploy.0 = Release|Any CPU
		{635DFADA-E3E3-4926-BDAA-95D76ED98627}.Ad-Hoc|ARM.ActiveCfg = Release|ARM
		{635DFADA-E3E3-4926-BDAA-95D76ED98627}.Ad-Hoc|ARM.Build.0 = Release|ARM
		{635DFADA-E3E3-4926-BDAA-95D76ED98627}.Ad-Hoc|ARM.Deploy.0 = Release|ARM
		{635DFADA-E3E3-4926-BDAA-95D76ED98627}.Ad-Hoc|iPhone.ActiveCfg = Release|Any CPU
		{635DFADA-E3E3-4926-BDAA-95D76ED98627}.Ad-Hoc|iPhone.Build.0 = Release|Any CPU
		{635DFADA-E3E3-4926-BDAA-95D76ED98627}.Ad-Hoc|iPhone.Deploy.0 = Release|Any CPU
		{635DFADA-E3E3-4926-BDAA-95D76ED98627}.Ad-Hoc|iPhoneSimulator.ActiveCfg = Release|Any CPU
		{635DFADA-E3E3-4926-BDAA-95D76ED98627}.Ad-Hoc|iPhoneSimulator.Build.0 = Release|Any CPU
		{635DFADA-E3E3-4926-BDAA-95D76ED98627}.Ad-Hoc|iPhoneSimulator.Deploy.0 = Release|Any CPU
		{635DFADA-E3E3-4926-BDAA-95D76ED98627}.Ad-Hoc|x64.ActiveCfg = Release|Any CPU
		{635DFADA-E3E3-4926-BDAA-95D76ED98627}.Ad-Hoc|x64.Build.0 = Release|Any CPU
		{635DFADA-E3E3-4926-BDAA-95D76ED98627}.Ad-Hoc|x64.Deploy.0 = Release|Any CPU
		{635DFADA-E3E3-4926-BDAA-95D76ED98627}.Ad-Hoc|x86.ActiveCfg = Release|x86
		{635DFADA-E3E3-4926-BDAA-95D76ED98627}.Ad-Hoc|x86.Build.0 = Release|x86
		{635DFADA-E3E3-4926-BDAA-95D76ED98627}.Ad-Hoc|x86.Deploy.0 = Release|x86
		{635DFADA-E3E3-4926-BDAA-95D76ED98627}.AppStore|Any CPU.ActiveCfg = Release|Any CPU
		{635DFADA-E3E3-4926-BDAA-95D76ED98627}.AppStore|Any CPU.Build.0 = Release|Any CPU
		{635DFADA-E3E3-4926-BDAA-95D76ED98627}.AppStore|Any CPU.Deploy.0 = Release|Any CPU
		{635DFADA-E3E3-4926-BDAA-95D76ED98627}.AppStore|ARM.ActiveCfg = Release|ARM
		{635DFADA-E3E3-4926-BDAA-95D76ED98627}.AppStore|ARM.Build.0 = Release|ARM
		{635DFADA-E3E3-4926-BDAA-95D76ED98627}.AppStore|ARM.Deploy.0 = Release|ARM
		{635DFADA-E3E3-4926-BDAA-95D76ED98627}.AppStore|iPhone.ActiveCfg = Release|Any CPU
		{635DFADA-E3E3-4926-BDAA-95D76ED98627}.AppStore|iPhone.Build.0 = Release|Any CPU
		{635DFADA-E3E3-4926-BDAA-95D76ED98627}.AppStore|iPhone.Deploy.0 = Release|Any CPU
		{635DFADA-E3E3-4926-BDAA-95D76ED98627}.AppStore|iPhoneSimulator.ActiveCfg = Release|Any CPU
		{635DFADA-E3E3-4926-BDAA-95D76ED98627}.AppStore|iPhoneSimulator.Build.0 = Release|Any CPU
		{635DFADA-E3E3-4926-BDAA-95D76ED98627}.AppStore|iPhoneSimulator.Deploy.0 = Release|Any CPU
		{635DFADA-E3E3-4926-BDAA-95D76ED98627}.AppStore|x64.ActiveCfg = Release|Any CPU
		{635DFADA-E3E3-4926-BDAA-95D76ED98627}.AppStore|x64.Build.0 = Release|Any CPU
		{635DFADA-E3E3-4926-BDAA-95D76ED98627}.AppStore|x64.Deploy.0 = Release|Any CPU
		{635DFADA-E3E3-4926-BDAA-95D76ED98627}.AppStore|x86.ActiveCfg = Release|x86
		{635DFADA-E3E3-4926-BDAA-95D76ED98627}.AppStore|x86.Build.0 = Release|x86
		{635DFADA-E3E3-4926-BDAA-95D76ED98627}.AppStore|x86.Deploy.0 = Release|x86
		{635DFADA-E3E3-4926-BDAA-95D76ED98627}.Debug|Any CPU.ActiveCfg = Debug|ARM
		{635DFADA-E3E3-4926-BDAA-95D76ED98627}.Debug|Any CPU.Build.0 = Debug|ARM
		{635DFADA-E3E3-4926-BDAA-95D76ED98627}.Debug|Any CPU.Deploy.0 = Debug|ARM
		{635DFADA-E3E3-4926-BDAA-95D76ED98627}.Debug|ARM.ActiveCfg = Debug|ARM
		{635DFADA-E3E3-4926-BDAA-95D76ED98627}.Debug|ARM.Build.0 = Debug|ARM
		{635DFADA-E3E3-4926-BDAA-95D76ED98627}.Debug|ARM.Deploy.0 = Debug|ARM
		{635DFADA-E3E3-4926-BDAA-95D76ED98627}.Debug|iPhone.ActiveCfg = Debug|Any CPU
		{635DFADA-E3E3-4926-BDAA-95D76ED98627}.Debug|iPhone.Build.0 = Debug|Any CPU
		{635DFADA-E3E3-4926-BDAA-95D76ED98627}.Debug|iPhone.Deploy.0 = Debug|Any CPU
		{635DFADA-E3E3-4926-BDAA-95D76ED98627}.Debug|iPhoneSimulator.ActiveCfg = Debug|Any CPU
		{635DFADA-E3E3-4926-BDAA-95D76ED98627}.Debug|iPhoneSimulator.Build.0 = Debug|Any CPU
		{635DFADA-E3E3-4926-BDAA-95D76ED98627}.Debug|iPhoneSimulator.Deploy.0 = Debug|Any CPU
		{635DFADA-E3E3-4926-BDAA-95D76ED98627}.Debug|x64.ActiveCfg = Debug|Any CPU
		{635DFADA-E3E3-4926-BDAA-95D76ED98627}.Debug|x64.Build.0 = Debug|Any CPU
		{635DFADA-E3E3-4926-BDAA-95D76ED98627}.Debug|x64.Deploy.0 = Debug|Any CPU
		{635DFADA-E3E3-4926-BDAA-95D76ED98627}.Debug|x86.ActiveCfg = Debug|x86
		{635DFADA-E3E3-4926-BDAA-95D76ED98627}.Debug|x86.Build.0 = Debug|x86
		{635DFADA-E3E3-4926-BDAA-95D76ED98627}.Debug|x86.Deploy.0 = Debug|x86
		{635DFADA-E3E3-4926-BDAA-95D76ED98627}.Release|Any CPU.ActiveCfg = Release|Any CPU
		{635DFADA-E3E3-4926-BDAA-95D76ED98627}.Release|Any CPU.Build.0 = Release|Any CPU
		{635DFADA-E3E3-4926-BDAA-95D76ED98627}.Release|Any CPU.Deploy.0 = Release|Any CPU
		{635DFADA-E3E3-4926-BDAA-95D76ED98627}.Release|ARM.ActiveCfg = Release|ARM
		{635DFADA-E3E3-4926-BDAA-95D76ED98627}.Release|ARM.Build.0 = Release|ARM
		{635DFADA-E3E3-4926-BDAA-95D76ED98627}.Release|ARM.Deploy.0 = Release|ARM
		{635DFADA-E3E3-4926-BDAA-95D76ED98627}.Release|iPhone.ActiveCfg = Release|Any CPU
		{635DFADA-E3E3-4926-BDAA-95D76ED98627}.Release|iPhone.Build.0 = Release|Any CPU
		{635DFADA-E3E3-4926-BDAA-95D76ED98627}.Release|iPhone.Deploy.0 = Release|Any CPU
		{635DFADA-E3E3-4926-BDAA-95D76ED98627}.Release|iPhoneSimulator.ActiveCfg = Release|Any CPU
		{635DFADA-E3E3-4926-BDAA-95D76ED98627}.Release|iPhoneSimulator.Build.0 = Release|Any CPU
		{635DFADA-E3E3-4926-BDAA-95D76ED98627}.Release|iPhoneSimulator.Deploy.0 = Release|Any CPU
		{635DFADA-E3E3-4926-BDAA-95D76ED98627}.Release|x64.ActiveCfg = Release|Any CPU
		{635DFADA-E3E3-4926-BDAA-95D76ED98627}.Release|x64.Build.0 = Release|Any CPU
		{635DFADA-E3E3-4926-BDAA-95D76ED98627}.Release|x64.Deploy.0 = Release|Any CPU
		{635DFADA-E3E3-4926-BDAA-95D76ED98627}.Release|x86.ActiveCfg = Release|x86
		{635DFADA-E3E3-4926-BDAA-95D76ED98627}.Release|x86.Build.0 = Release|x86
		{635DFADA-E3E3-4926-BDAA-95D76ED98627}.Release|x86.Deploy.0 = Release|x86
		{3C55C325-1EDE-41D7-A4A0-8128082F0508}.Ad-Hoc|Any CPU.ActiveCfg = Release|x86
		{3C55C325-1EDE-41D7-A4A0-8128082F0508}.Ad-Hoc|Any CPU.Build.0 = Release|x86
		{3C55C325-1EDE-41D7-A4A0-8128082F0508}.Ad-Hoc|Any CPU.Deploy.0 = Release|x86
		{3C55C325-1EDE-41D7-A4A0-8128082F0508}.Ad-Hoc|ARM.ActiveCfg = Release|ARM
		{3C55C325-1EDE-41D7-A4A0-8128082F0508}.Ad-Hoc|ARM.Build.0 = Release|ARM
		{3C55C325-1EDE-41D7-A4A0-8128082F0508}.Ad-Hoc|ARM.Deploy.0 = Release|ARM
		{3C55C325-1EDE-41D7-A4A0-8128082F0508}.Ad-Hoc|iPhone.ActiveCfg = Release|x86
		{3C55C325-1EDE-41D7-A4A0-8128082F0508}.Ad-Hoc|iPhone.Build.0 = Release|x86
		{3C55C325-1EDE-41D7-A4A0-8128082F0508}.Ad-Hoc|iPhone.Deploy.0 = Release|x86
		{3C55C325-1EDE-41D7-A4A0-8128082F0508}.Ad-Hoc|iPhoneSimulator.ActiveCfg = Release|x86
		{3C55C325-1EDE-41D7-A4A0-8128082F0508}.Ad-Hoc|iPhoneSimulator.Build.0 = Release|x86
		{3C55C325-1EDE-41D7-A4A0-8128082F0508}.Ad-Hoc|iPhoneSimulator.Deploy.0 = Release|x86
		{3C55C325-1EDE-41D7-A4A0-8128082F0508}.Ad-Hoc|x64.ActiveCfg = Release|x64
		{3C55C325-1EDE-41D7-A4A0-8128082F0508}.Ad-Hoc|x64.Build.0 = Release|x64
		{3C55C325-1EDE-41D7-A4A0-8128082F0508}.Ad-Hoc|x64.Deploy.0 = Release|x64
		{3C55C325-1EDE-41D7-A4A0-8128082F0508}.Ad-Hoc|x86.ActiveCfg = Release|x86
		{3C55C325-1EDE-41D7-A4A0-8128082F0508}.Ad-Hoc|x86.Build.0 = Release|x86
		{3C55C325-1EDE-41D7-A4A0-8128082F0508}.Ad-Hoc|x86.Deploy.0 = Release|x86
		{3C55C325-1EDE-41D7-A4A0-8128082F0508}.AppStore|Any CPU.ActiveCfg = Release|x86
		{3C55C325-1EDE-41D7-A4A0-8128082F0508}.AppStore|Any CPU.Build.0 = Release|x86
		{3C55C325-1EDE-41D7-A4A0-8128082F0508}.AppStore|Any CPU.Deploy.0 = Release|x86
		{3C55C325-1EDE-41D7-A4A0-8128082F0508}.AppStore|ARM.ActiveCfg = Release|ARM
		{3C55C325-1EDE-41D7-A4A0-8128082F0508}.AppStore|ARM.Build.0 = Release|ARM
		{3C55C325-1EDE-41D7-A4A0-8128082F0508}.AppStore|ARM.Deploy.0 = Release|ARM
		{3C55C325-1EDE-41D7-A4A0-8128082F0508}.AppStore|iPhone.ActiveCfg = Release|x86
		{3C55C325-1EDE-41D7-A4A0-8128082F0508}.AppStore|iPhone.Build.0 = Release|x86
		{3C55C325-1EDE-41D7-A4A0-8128082F0508}.AppStore|iPhone.Deploy.0 = Release|x86
		{3C55C325-1EDE-41D7-A4A0-8128082F0508}.AppStore|iPhoneSimulator.ActiveCfg = Release|x86
		{3C55C325-1EDE-41D7-A4A0-8128082F0508}.AppStore|iPhoneSimulator.Build.0 = Release|x86
		{3C55C325-1EDE-41D7-A4A0-8128082F0508}.AppStore|iPhoneSimulator.Deploy.0 = Release|x86
		{3C55C325-1EDE-41D7-A4A0-8128082F0508}.AppStore|x64.ActiveCfg = Release|x64
		{3C55C325-1EDE-41D7-A4A0-8128082F0508}.AppStore|x64.Build.0 = Release|x64
		{3C55C325-1EDE-41D7-A4A0-8128082F0508}.AppStore|x64.Deploy.0 = Release|x64
		{3C55C325-1EDE-41D7-A4A0-8128082F0508}.AppStore|x86.ActiveCfg = Release|x86
		{3C55C325-1EDE-41D7-A4A0-8128082F0508}.AppStore|x86.Build.0 = Release|x86
		{3C55C325-1EDE-41D7-A4A0-8128082F0508}.AppStore|x86.Deploy.0 = Release|x86
		{3C55C325-1EDE-41D7-A4A0-8128082F0508}.Debug|Any CPU.ActiveCfg = Debug|x86
		{3C55C325-1EDE-41D7-A4A0-8128082F0508}.Debug|ARM.ActiveCfg = Debug|ARM
		{3C55C325-1EDE-41D7-A4A0-8128082F0508}.Debug|ARM.Build.0 = Debug|ARM
		{3C55C325-1EDE-41D7-A4A0-8128082F0508}.Debug|ARM.Deploy.0 = Debug|ARM
		{3C55C325-1EDE-41D7-A4A0-8128082F0508}.Debug|iPhone.ActiveCfg = Debug|x86
		{3C55C325-1EDE-41D7-A4A0-8128082F0508}.Debug|iPhoneSimulator.ActiveCfg = Debug|x86
		{3C55C325-1EDE-41D7-A4A0-8128082F0508}.Debug|x64.ActiveCfg = Debug|x64
		{3C55C325-1EDE-41D7-A4A0-8128082F0508}.Debug|x64.Build.0 = Debug|x64
		{3C55C325-1EDE-41D7-A4A0-8128082F0508}.Debug|x64.Deploy.0 = Debug|x64
		{3C55C325-1EDE-41D7-A4A0-8128082F0508}.Debug|x86.ActiveCfg = Debug|x86
		{3C55C325-1EDE-41D7-A4A0-8128082F0508}.Debug|x86.Build.0 = Debug|x86
		{3C55C325-1EDE-41D7-A4A0-8128082F0508}.Debug|x86.Deploy.0 = Debug|x86
		{3C55C325-1EDE-41D7-A4A0-8128082F0508}.Release|Any CPU.ActiveCfg = Release|x86
		{3C55C325-1EDE-41D7-A4A0-8128082F0508}.Release|ARM.ActiveCfg = Release|ARM
		{3C55C325-1EDE-41D7-A4A0-8128082F0508}.Release|ARM.Build.0 = Release|ARM
		{3C55C325-1EDE-41D7-A4A0-8128082F0508}.Release|ARM.Deploy.0 = Release|ARM
		{3C55C325-1EDE-41D7-A4A0-8128082F0508}.Release|iPhone.ActiveCfg = Release|x86
		{3C55C325-1EDE-41D7-A4A0-8128082F0508}.Release|iPhoneSimulator.ActiveCfg = Release|x86
		{3C55C325-1EDE-41D7-A4A0-8128082F0508}.Release|x64.ActiveCfg = Release|x64
		{3C55C325-1EDE-41D7-A4A0-8128082F0508}.Release|x64.Build.0 = Release|x64
		{3C55C325-1EDE-41D7-A4A0-8128082F0508}.Release|x64.Deploy.0 = Release|x64
		{3C55C325-1EDE-41D7-A4A0-8128082F0508}.Release|x86.ActiveCfg = Release|x86
		{3C55C325-1EDE-41D7-A4A0-8128082F0508}.Release|x86.Build.0 = Release|x86
		{3C55C325-1EDE-41D7-A4A0-8128082F0508}.Release|x86.Deploy.0 = Release|x86
		{9F608369-0DBD-4E45-8AE8-2DF21579A257}.Ad-Hoc|Any CPU.ActiveCfg = Release|Any CPU
		{9F608369-0DBD-4E45-8AE8-2DF21579A257}.Ad-Hoc|Any CPU.Build.0 = Release|Any CPU
		{9F608369-0DBD-4E45-8AE8-2DF21579A257}.Ad-Hoc|Any CPU.Deploy.0 = Release|Any CPU
		{9F608369-0DBD-4E45-8AE8-2DF21579A257}.Ad-Hoc|ARM.ActiveCfg = Release|ARM
		{9F608369-0DBD-4E45-8AE8-2DF21579A257}.Ad-Hoc|ARM.Build.0 = Release|ARM
		{9F608369-0DBD-4E45-8AE8-2DF21579A257}.Ad-Hoc|ARM.Deploy.0 = Release|ARM
		{9F608369-0DBD-4E45-8AE8-2DF21579A257}.Ad-Hoc|iPhone.ActiveCfg = Release|Any CPU
		{9F608369-0DBD-4E45-8AE8-2DF21579A257}.Ad-Hoc|iPhone.Build.0 = Release|Any CPU
		{9F608369-0DBD-4E45-8AE8-2DF21579A257}.Ad-Hoc|iPhone.Deploy.0 = Release|Any CPU
		{9F608369-0DBD-4E45-8AE8-2DF21579A257}.Ad-Hoc|iPhoneSimulator.ActiveCfg = Release|Any CPU
		{9F608369-0DBD-4E45-8AE8-2DF21579A257}.Ad-Hoc|iPhoneSimulator.Build.0 = Release|Any CPU
		{9F608369-0DBD-4E45-8AE8-2DF21579A257}.Ad-Hoc|iPhoneSimulator.Deploy.0 = Release|Any CPU
		{9F608369-0DBD-4E45-8AE8-2DF21579A257}.Ad-Hoc|x64.ActiveCfg = Release|x64
		{9F608369-0DBD-4E45-8AE8-2DF21579A257}.Ad-Hoc|x64.Build.0 = Release|x64
		{9F608369-0DBD-4E45-8AE8-2DF21579A257}.Ad-Hoc|x64.Deploy.0 = Release|x64
		{9F608369-0DBD-4E45-8AE8-2DF21579A257}.Ad-Hoc|x86.ActiveCfg = Release|x86
		{9F608369-0DBD-4E45-8AE8-2DF21579A257}.Ad-Hoc|x86.Build.0 = Release|x86
		{9F608369-0DBD-4E45-8AE8-2DF21579A257}.Ad-Hoc|x86.Deploy.0 = Release|x86
		{9F608369-0DBD-4E45-8AE8-2DF21579A257}.AppStore|Any CPU.ActiveCfg = Release|Any CPU
		{9F608369-0DBD-4E45-8AE8-2DF21579A257}.AppStore|Any CPU.Build.0 = Release|Any CPU
		{9F608369-0DBD-4E45-8AE8-2DF21579A257}.AppStore|Any CPU.Deploy.0 = Release|Any CPU
		{9F608369-0DBD-4E45-8AE8-2DF21579A257}.AppStore|ARM.ActiveCfg = Release|ARM
		{9F608369-0DBD-4E45-8AE8-2DF21579A257}.AppStore|ARM.Build.0 = Release|ARM
		{9F608369-0DBD-4E45-8AE8-2DF21579A257}.AppStore|ARM.Deploy.0 = Release|ARM
		{9F608369-0DBD-4E45-8AE8-2DF21579A257}.AppStore|iPhone.ActiveCfg = Release|Any CPU
		{9F608369-0DBD-4E45-8AE8-2DF21579A257}.AppStore|iPhone.Build.0 = Release|Any CPU
		{9F608369-0DBD-4E45-8AE8-2DF21579A257}.AppStore|iPhone.Deploy.0 = Release|Any CPU
		{9F608369-0DBD-4E45-8AE8-2DF21579A257}.AppStore|iPhoneSimulator.ActiveCfg = Release|Any CPU
		{9F608369-0DBD-4E45-8AE8-2DF21579A257}.AppStore|iPhoneSimulator.Build.0 = Release|Any CPU
		{9F608369-0DBD-4E45-8AE8-2DF21579A257}.AppStore|iPhoneSimulator.Deploy.0 = Release|Any CPU
		{9F608369-0DBD-4E45-8AE8-2DF21579A257}.AppStore|x64.ActiveCfg = Release|x64
		{9F608369-0DBD-4E45-8AE8-2DF21579A257}.AppStore|x64.Build.0 = Release|x64
		{9F608369-0DBD-4E45-8AE8-2DF21579A257}.AppStore|x64.Deploy.0 = Release|x64
		{9F608369-0DBD-4E45-8AE8-2DF21579A257}.AppStore|x86.ActiveCfg = Release|x86
		{9F608369-0DBD-4E45-8AE8-2DF21579A257}.AppStore|x86.Build.0 = Release|x86
		{9F608369-0DBD-4E45-8AE8-2DF21579A257}.AppStore|x86.Deploy.0 = Release|x86
		{9F608369-0DBD-4E45-8AE8-2DF21579A257}.Debug|Any CPU.ActiveCfg = Debug|Any CPU
		{9F608369-0DBD-4E45-8AE8-2DF21579A257}.Debug|Any CPU.Build.0 = Debug|Any CPU
		{9F608369-0DBD-4E45-8AE8-2DF21579A257}.Debug|Any CPU.Deploy.0 = Debug|Any CPU
		{9F608369-0DBD-4E45-8AE8-2DF21579A257}.Debug|ARM.ActiveCfg = Debug|ARM
		{9F608369-0DBD-4E45-8AE8-2DF21579A257}.Debug|ARM.Build.0 = Debug|ARM
		{9F608369-0DBD-4E45-8AE8-2DF21579A257}.Debug|ARM.Deploy.0 = Debug|ARM
		{9F608369-0DBD-4E45-8AE8-2DF21579A257}.Debug|iPhone.ActiveCfg = Debug|Any CPU
		{9F608369-0DBD-4E45-8AE8-2DF21579A257}.Debug|iPhone.Build.0 = Debug|Any CPU
		{9F608369-0DBD-4E45-8AE8-2DF21579A257}.Debug|iPhone.Deploy.0 = Debug|Any CPU
		{9F608369-0DBD-4E45-8AE8-2DF21579A257}.Debug|iPhoneSimulator.ActiveCfg = Debug|Any CPU
		{9F608369-0DBD-4E45-8AE8-2DF21579A257}.Debug|iPhoneSimulator.Build.0 = Debug|Any CPU
		{9F608369-0DBD-4E45-8AE8-2DF21579A257}.Debug|iPhoneSimulator.Deploy.0 = Debug|Any CPU
		{9F608369-0DBD-4E45-8AE8-2DF21579A257}.Debug|x64.ActiveCfg = Debug|x64
		{9F608369-0DBD-4E45-8AE8-2DF21579A257}.Debug|x64.Build.0 = Debug|x64
		{9F608369-0DBD-4E45-8AE8-2DF21579A257}.Debug|x64.Deploy.0 = Debug|x64
		{9F608369-0DBD-4E45-8AE8-2DF21579A257}.Debug|x86.ActiveCfg = Debug|x86
		{9F608369-0DBD-4E45-8AE8-2DF21579A257}.Debug|x86.Build.0 = Debug|x86
		{9F608369-0DBD-4E45-8AE8-2DF21579A257}.Debug|x86.Deploy.0 = Debug|x86
		{9F608369-0DBD-4E45-8AE8-2DF21579A257}.Release|Any CPU.ActiveCfg = Release|Any CPU
		{9F608369-0DBD-4E45-8AE8-2DF21579A257}.Release|Any CPU.Build.0 = Release|Any CPU
		{9F608369-0DBD-4E45-8AE8-2DF21579A257}.Release|Any CPU.Deploy.0 = Release|Any CPU
		{9F608369-0DBD-4E45-8AE8-2DF21579A257}.Release|ARM.ActiveCfg = Release|ARM
		{9F608369-0DBD-4E45-8AE8-2DF21579A257}.Release|ARM.Build.0 = Release|ARM
		{9F608369-0DBD-4E45-8AE8-2DF21579A257}.Release|ARM.Deploy.0 = Release|ARM
		{9F608369-0DBD-4E45-8AE8-2DF21579A257}.Release|iPhone.ActiveCfg = Release|Any CPU
		{9F608369-0DBD-4E45-8AE8-2DF21579A257}.Release|iPhone.Build.0 = Release|Any CPU
		{9F608369-0DBD-4E45-8AE8-2DF21579A257}.Release|iPhone.Deploy.0 = Release|Any CPU
		{9F608369-0DBD-4E45-8AE8-2DF21579A257}.Release|iPhoneSimulator.ActiveCfg = Release|Any CPU
		{9F608369-0DBD-4E45-8AE8-2DF21579A257}.Release|iPhoneSimulator.Build.0 = Release|Any CPU
		{9F608369-0DBD-4E45-8AE8-2DF21579A257}.Release|iPhoneSimulator.Deploy.0 = Release|Any CPU
		{9F608369-0DBD-4E45-8AE8-2DF21579A257}.Release|x64.ActiveCfg = Release|x64
		{9F608369-0DBD-4E45-8AE8-2DF21579A257}.Release|x64.Build.0 = Release|x64
		{9F608369-0DBD-4E45-8AE8-2DF21579A257}.Release|x64.Deploy.0 = Release|x64
		{9F608369-0DBD-4E45-8AE8-2DF21579A257}.Release|x86.ActiveCfg = Release|x86
		{9F608369-0DBD-4E45-8AE8-2DF21579A257}.Release|x86.Build.0 = Release|x86
		{9F608369-0DBD-4E45-8AE8-2DF21579A257}.Release|x86.Deploy.0 = Release|x86
		{124CC63D-6A0A-4B98-96A1-8171B474EA2E}.Ad-Hoc|Any CPU.ActiveCfg = Release|Any CPU
		{124CC63D-6A0A-4B98-96A1-8171B474EA2E}.Ad-Hoc|Any CPU.Build.0 = Release|Any CPU
		{124CC63D-6A0A-4B98-96A1-8171B474EA2E}.Ad-Hoc|ARM.ActiveCfg = Release|Any CPU
		{124CC63D-6A0A-4B98-96A1-8171B474EA2E}.Ad-Hoc|ARM.Build.0 = Release|Any CPU
		{124CC63D-6A0A-4B98-96A1-8171B474EA2E}.Ad-Hoc|iPhone.ActiveCfg = Release|Any CPU
		{124CC63D-6A0A-4B98-96A1-8171B474EA2E}.Ad-Hoc|iPhone.Build.0 = Release|Any CPU
		{124CC63D-6A0A-4B98-96A1-8171B474EA2E}.Ad-Hoc|iPhoneSimulator.ActiveCfg = Release|Any CPU
		{124CC63D-6A0A-4B98-96A1-8171B474EA2E}.Ad-Hoc|iPhoneSimulator.Build.0 = Release|Any CPU
		{124CC63D-6A0A-4B98-96A1-8171B474EA2E}.Ad-Hoc|x64.ActiveCfg = Release|Any CPU
		{124CC63D-6A0A-4B98-96A1-8171B474EA2E}.Ad-Hoc|x64.Build.0 = Release|Any CPU
		{124CC63D-6A0A-4B98-96A1-8171B474EA2E}.Ad-Hoc|x86.ActiveCfg = Release|Any CPU
		{124CC63D-6A0A-4B98-96A1-8171B474EA2E}.Ad-Hoc|x86.Build.0 = Release|Any CPU
		{124CC63D-6A0A-4B98-96A1-8171B474EA2E}.AppStore|Any CPU.ActiveCfg = Release|Any CPU
		{124CC63D-6A0A-4B98-96A1-8171B474EA2E}.AppStore|Any CPU.Build.0 = Release|Any CPU
		{124CC63D-6A0A-4B98-96A1-8171B474EA2E}.AppStore|ARM.ActiveCfg = Release|Any CPU
		{124CC63D-6A0A-4B98-96A1-8171B474EA2E}.AppStore|ARM.Build.0 = Release|Any CPU
		{124CC63D-6A0A-4B98-96A1-8171B474EA2E}.AppStore|iPhone.ActiveCfg = Release|Any CPU
		{124CC63D-6A0A-4B98-96A1-8171B474EA2E}.AppStore|iPhone.Build.0 = Release|Any CPU
		{124CC63D-6A0A-4B98-96A1-8171B474EA2E}.AppStore|iPhoneSimulator.ActiveCfg = Release|Any CPU
		{124CC63D-6A0A-4B98-96A1-8171B474EA2E}.AppStore|iPhoneSimulator.Build.0 = Release|Any CPU
		{124CC63D-6A0A-4B98-96A1-8171B474EA2E}.AppStore|x64.ActiveCfg = Release|Any CPU
		{124CC63D-6A0A-4B98-96A1-8171B474EA2E}.AppStore|x64.Build.0 = Release|Any CPU
		{124CC63D-6A0A-4B98-96A1-8171B474EA2E}.AppStore|x86.ActiveCfg = Release|Any CPU
		{124CC63D-6A0A-4B98-96A1-8171B474EA2E}.AppStore|x86.Build.0 = Release|Any CPU
		{124CC63D-6A0A-4B98-96A1-8171B474EA2E}.Debug|Any CPU.ActiveCfg = Debug|Any CPU
		{124CC63D-6A0A-4B98-96A1-8171B474EA2E}.Debug|Any CPU.Build.0 = Debug|Any CPU
		{124CC63D-6A0A-4B98-96A1-8171B474EA2E}.Debug|ARM.ActiveCfg = Debug|Any CPU
		{124CC63D-6A0A-4B98-96A1-8171B474EA2E}.Debug|ARM.Build.0 = Debug|Any CPU
		{124CC63D-6A0A-4B98-96A1-8171B474EA2E}.Debug|iPhone.ActiveCfg = Debug|Any CPU
		{124CC63D-6A0A-4B98-96A1-8171B474EA2E}.Debug|iPhone.Build.0 = Debug|Any CPU
		{124CC63D-6A0A-4B98-96A1-8171B474EA2E}.Debug|iPhoneSimulator.ActiveCfg = Debug|Any CPU
		{124CC63D-6A0A-4B98-96A1-8171B474EA2E}.Debug|iPhoneSimulator.Build.0 = Debug|Any CPU
		{124CC63D-6A0A-4B98-96A1-8171B474EA2E}.Debug|x64.ActiveCfg = Debug|Any CPU
		{124CC63D-6A0A-4B98-96A1-8171B474EA2E}.Debug|x64.Build.0 = Debug|Any CPU
		{124CC63D-6A0A-4B98-96A1-8171B474EA2E}.Debug|x86.ActiveCfg = Debug|Any CPU
		{124CC63D-6A0A-4B98-96A1-8171B474EA2E}.Debug|x86.Build.0 = Debug|Any CPU
		{124CC63D-6A0A-4B98-96A1-8171B474EA2E}.Release|Any CPU.ActiveCfg = Release|Any CPU
		{124CC63D-6A0A-4B98-96A1-8171B474EA2E}.Release|Any CPU.Build.0 = Release|Any CPU
		{124CC63D-6A0A-4B98-96A1-8171B474EA2E}.Release|ARM.ActiveCfg = Release|Any CPU
		{124CC63D-6A0A-4B98-96A1-8171B474EA2E}.Release|ARM.Build.0 = Release|Any CPU
		{124CC63D-6A0A-4B98-96A1-8171B474EA2E}.Release|iPhone.ActiveCfg = Release|Any CPU
		{124CC63D-6A0A-4B98-96A1-8171B474EA2E}.Release|iPhone.Build.0 = Release|Any CPU
		{124CC63D-6A0A-4B98-96A1-8171B474EA2E}.Release|iPhoneSimulator.ActiveCfg = Release|Any CPU
		{124CC63D-6A0A-4B98-96A1-8171B474EA2E}.Release|iPhoneSimulator.Build.0 = Release|Any CPU
		{124CC63D-6A0A-4B98-96A1-8171B474EA2E}.Release|x64.ActiveCfg = Release|Any CPU
		{124CC63D-6A0A-4B98-96A1-8171B474EA2E}.Release|x64.Build.0 = Release|Any CPU
		{124CC63D-6A0A-4B98-96A1-8171B474EA2E}.Release|x86.ActiveCfg = Release|Any CPU
		{124CC63D-6A0A-4B98-96A1-8171B474EA2E}.Release|x86.Build.0 = Release|Any CPU
	EndGlobalSection
	GlobalSection(SolutionProperties) = preSolution
		HideSolutionNode = FALSE
	EndGlobalSection
EndGlobal
